{
  "nodes": {
    "flake-utils": {
      "locked": {
        "lastModified": 1644229661,
        "narHash": "sha256-1YdnJAsNy69bpcjuoKdOYQX0YxZBiCYZo4Twxerqv7k=",
        "owner": "numtide",
        "repo": "flake-utils",
        "rev": "3cecb5b042f7f209c56ffd8371b2711a290ec797",
        "type": "github"
      },
      "original": {
        "owner": "numtide",
        "ref": "master",
        "repo": "flake-utils",
        "type": "github"
      }
    },
    "hugo-theme-terminal": {
      "flake": false,
      "locked": {
        "lastModified": 1644230915,
        "narHash": "sha256-ZX3QrDhTP/2Uk8BeZg84wqvDqOJBj7XFyKOPNCKP8yM=",
        "owner": "panr",
        "repo": "hugo-theme-terminal",
        "rev": "9d458d193fee9dd35843baddd41e1ba99c29aef4",
        "type": "github"
      },
      "original": {
        "owner": "panr",
        "repo": "hugo-theme-terminal",
        "type": "github"
      }
    },
    "nixpkgs": {
      "locked": {
        "lastModified": 1705536301,
        "narHash": "sha256-cQiqeRGGoXjXOCGpP+IqWrLzLaFII1O3IbMtDGzOH9g=",
        "owner": "nixos",
        "repo": "nixpkgs",
        "rev": "921fb3319c2a296fc65048272d22f3db889d7292",
        "type": "github"
      },
      "original": {
        "owner": "nixos",
        "ref": "master",
        "repo": "nixpkgs",
        "type": "github"
      }
    },
    "root": {
      "inputs": {
        "flake-utils": "flake-utils",
        "hugo-theme-terminal": "hugo-theme-terminal",
        "nixpkgs": "nixpkgs"
      }
    }
  },
  "root": "root",
  "version": 7
}
