{
  "nodes": {
    "hugo-theme-terminal": {
      "flake": false,
      "locked": {
        "lastModified": 1644230915,
        "narHash": "sha256-ZX3QrDhTP/2Uk8BeZg84wqvDqOJBj7XFyKOPNCKP8yM=",
        "owner": "panr",
        "repo": "hugo-theme-terminal",
        "rev": "9d458d193fee9dd35843baddd41e1ba99c29aef4",
        "type": "github"
      },
      "original": {
        "owner": "panr",
        "repo": "hugo-theme-terminal",
        "type": "github"
      }
    },
    "nixpkgs": {
      "locked": {
        "lastModified": 1645162597,
        "narHash": "sha256-S4sRtJBqVlBg4H7EPAv0NFofGNCayHEMpLnUzGNCCKM=",
        "owner": "nixos",
        "repo": "nixpkgs",
        "rev": "b715fcd9d9e26b99182d902c6b5694be0daae6d5",
        "type": "github"
      },
      "original": {
        "owner": "nixos",
        "repo": "nixpkgs",
        "type": "github"
      }
    },
    "root": {
      "inputs": {
        "hugo-theme-terminal": "hugo-theme-terminal",
        "nixpkgs": "nixpkgs"
      }
    }
  },
  "root": "root",
  "version": 7
}
